
Microsoft Visual Studio Solution File, Format Version 12.00
# Visual Studio 15
VisualStudioVersion = 15.0.27004.2002
MinimumVisualStudioVersion = 10.0.40219.1
Project("{9A19103F-16F7-4668-BE54-9A1E7A4F7556}") = "abc", "abc.csproj", "{2D2A6383-9332-4D11-86CF-DB863133AAAD}"
EndProject
Global
	GlobalSection(SolutionConfigurationPlatforms) = preSolution
		Debug|Any CPU = Debug|Any CPU
		Release|Any CPU = Release|Any CPU
	EndGlobalSection
	GlobalSection(ProjectConfigurationPlatforms) = postSolution
		{2D2A6383-9332-4D11-86CF-DB863133AAAD}.Debug|Any CPU.ActiveCfg = Debug|Any CPU
		{2D2A6383-9332-4D11-86CF-DB863133AAAD}.Debug|Any CPU.Build.0 = Debug|Any CPU
		{2D2A6383-9332-4D11-86CF-DB863133AAAD}.Release|Any CPU.ActiveCfg = Release|Any CPU
		{2D2A6383-9332-4D11-86CF-DB863133AAAD}.Release|Any CPU.Build.0 = Release|Any CPU
	EndGlobalSection
	GlobalSection(SolutionProperties) = preSolution
		HideSolutionNode = FALSE
	EndGlobalSection
	GlobalSection(ExtensibilityGlobals) = postSolution
		SolutionGuid = {78860663-1E69-4792-A276-4E01868A79F5}
	EndGlobalSection
EndGlobal
